// !$*UTF8*$!
{
	archiveVersion = 1;
	classes = {
	};
	objectVersion = 50;
	objects = {

/* Begin PBXBuildFile section */
		000203FB21103A1F002D0AF6 /* GhostTyping.framework in Frameworks */ = {isa = PBXBuildFile; fileRef = 000203FA21103A1F002D0AF6 /* GhostTyping.framework */; };
		000203FC21106661002D0AF6 /* GhostTyping.framework in CopyFiles */ = {isa = PBXBuildFile; fileRef = 000203FA21103A1F002D0AF6 /* GhostTyping.framework */; settings = {ATTRIBUTES = (CodeSignOnCopy, RemoveHeadersOnCopy, ); }; };
		001246F720EDE03C00C60799 /* AppDelegate.swift in Sources */ = {isa = PBXBuildFile; fileRef = 001246F620EDE03C00C60799 /* AppDelegate.swift */; };
		001246F920EDE03C00C60799 /* ViewController.swift in Sources */ = {isa = PBXBuildFile; fileRef = 001246F820EDE03C00C60799 /* ViewController.swift */; };
		001246FC20EDE03C00C60799 /* Main.storyboard in Resources */ = {isa = PBXBuildFile; fileRef = 001246FA20EDE03C00C60799 /* Main.storyboard */; };
		001246FE20EDE03E00C60799 /* Assets.xcassets in Resources */ = {isa = PBXBuildFile; fileRef = 001246FD20EDE03E00C60799 /* Assets.xcassets */; };
		0012470120EDE03E00C60799 /* LaunchScreen.storyboard in Resources */ = {isa = PBXBuildFile; fileRef = 001246FF20EDE03E00C60799 /* LaunchScreen.storyboard */; };
/* End PBXBuildFile section */

/* Begin PBXCopyFilesBuildPhase section */
		008079EA2110231A00509725 /* Embed Frameworks */ = {
			isa = PBXCopyFilesBuildPhase;
			buildActionMask = 2147483647;
			dstPath = "";
			dstSubfolderSpec = 10;
			files = (
			);
			name = "Embed Frameworks";
			runOnlyForDeploymentPostprocessing = 0;
		};
		008079ED2110237500509725 /* CopyFiles */ = {
			isa = PBXCopyFilesBuildPhase;
			buildActionMask = 2147483647;
			dstPath = "";
			dstSubfolderSpec = 10;
			files = (
				000203FC21106661002D0AF6 /* GhostTyping.framework in CopyFiles */,
			);
			runOnlyForDeploymentPostprocessing = 0;
		};
/* End PBXCopyFilesBuildPhase section */

/* Begin PBXFileReference section */
		000203FA21103A1F002D0AF6 /* GhostTyping.framework */ = {isa = PBXFileReference; lastKnownFileType = wrapper.framework; path = GhostTyping.framework; sourceTree = "<group>"; };
		001246F320EDE03C00C60799 /* GhostTypeExample.app */ = {isa = PBXFileReference; explicitFileType = wrapper.application; includeInIndex = 0; path = GhostTypeExample.app; sourceTree = BUILT_PRODUCTS_DIR; };
		001246F620EDE03C00C60799 /* AppDelegate.swift */ = {isa = PBXFileReference; lastKnownFileType = sourcecode.swift; path = AppDelegate.swift; sourceTree = "<group>"; };
		001246F820EDE03C00C60799 /* ViewController.swift */ = {isa = PBXFileReference; lastKnownFileType = sourcecode.swift; path = ViewController.swift; sourceTree = "<group>"; };
		001246FB20EDE03C00C60799 /* Base */ = {isa = PBXFileReference; lastKnownFileType = file.storyboard; name = Base; path = Base.lproj/Main.storyboard; sourceTree = "<group>"; };
		001246FD20EDE03E00C60799 /* Assets.xcassets */ = {isa = PBXFileReference; lastKnownFileType = folder.assetcatalog; path = Assets.xcassets; sourceTree = "<group>"; };
		0012470020EDE03E00C60799 /* Base */ = {isa = PBXFileReference; lastKnownFileType = file.storyboard; name = Base; path = Base.lproj/LaunchScreen.storyboard; sourceTree = "<group>"; };
		0012470220EDE03E00C60799 /* Info.plist */ = {isa = PBXFileReference; lastKnownFileType = text.plist.xml; path = Info.plist; sourceTree = "<group>"; };
/* End PBXFileReference section */

/* Begin PBXFrameworksBuildPhase section */
		001246F020EDE03C00C60799 /* Frameworks */ = {
			isa = PBXFrameworksBuildPhase;
			buildActionMask = 2147483647;
			files = (
				000203FB21103A1F002D0AF6 /* GhostTyping.framework in Frameworks */,
			);
			runOnlyForDeploymentPostprocessing = 0;
		};
/* End PBXFrameworksBuildPhase section */

/* Begin PBXGroup section */
		001246EA20EDE03C00C60799 = {
			isa = PBXGroup;
			children = (
				001246F520EDE03C00C60799 /* GhostTypeExample */,
				001246F420EDE03C00C60799 /* Products */,
				0012470A20EE072E00C60799 /* Frameworks */,
			);
			sourceTree = "<group>";
		};
		001246F420EDE03C00C60799 /* Products */ = {
			isa = PBXGroup;
			children = (
				001246F320EDE03C00C60799 /* GhostTypeExample.app */,
			);
			name = Products;
			sourceTree = "<group>";
		};
		001246F520EDE03C00C60799 /* GhostTypeExample */ = {
			isa = PBXGroup;
			children = (
				001246F620EDE03C00C60799 /* AppDelegate.swift */,
				001246F820EDE03C00C60799 /* ViewController.swift */,
				001246FA20EDE03C00C60799 /* Main.storyboard */,
				001246FD20EDE03E00C60799 /* Assets.xcassets */,
				001246FF20EDE03E00C60799 /* LaunchScreen.storyboard */,
				0012470220EDE03E00C60799 /* Info.plist */,
			);
			path = GhostTypeExample;
			sourceTree = "<group>";
		};
		0012470A20EE072E00C60799 /* Frameworks */ = {
			isa = PBXGroup;
			children = (
				000203FA21103A1F002D0AF6 /* GhostTyping.framework */,
			);
			name = Frameworks;
			sourceTree = "<group>";
		};
/* End PBXGroup section */

/* Begin PBXNativeTarget section */
		001246F220EDE03C00C60799 /* GhostTypeExample */ = {
			isa = PBXNativeTarget;
			buildConfigurationList = 0012470520EDE03E00C60799 /* Build configuration list for PBXNativeTarget "GhostTypeExample" */;
			buildPhases = (
				001246EF20EDE03C00C60799 /* Sources */,
				001246F020EDE03C00C60799 /* Frameworks */,
				001246F120EDE03C00C60799 /* Resources */,
				008079EA2110231A00509725 /* Embed Frameworks */,
				008079ED2110237500509725 /* CopyFiles */,
			);
			buildRules = (
			);
			dependencies = (
			);
			name = GhostTypeExample;
			productName = GhostTypeExample;
			productReference = 001246F320EDE03C00C60799 /* GhostTypeExample.app */;
			productType = "com.apple.product-type.application";
		};
/* End PBXNativeTarget section */

/* Begin PBXProject section */
		001246EB20EDE03C00C60799 /* Project object */ = {
			isa = PBXProject;
			attributes = {
				LastSwiftUpdateCheck = 0940;
				LastUpgradeCheck = 0940;
				ORGANIZATIONNAME = "Huy Nguyễn";
				TargetAttributes = {
					001246F220EDE03C00C60799 = {
						CreatedOnToolsVersion = 9.4.1;
					};
				};
			};
			buildConfigurationList = 001246EE20EDE03C00C60799 /* Build configuration list for PBXProject "GhostTypeExample" */;
			compatibilityVersion = "Xcode 9.3";
			developmentRegion = en;
			hasScannedForEncodings = 0;
			knownRegions = (
				en,
				Base,
			);
			mainGroup = 001246EA20EDE03C00C60799;
			productRefGroup = 001246F420EDE03C00C60799 /* Products */;
			projectDirPath = "";
			projectRoot = "";
			targets = (
				001246F220EDE03C00C60799 /* GhostTypeExample */,
			);
		};
/* End PBXProject section */

/* Begin PBXResourcesBuildPhase section */
		001246F120EDE03C00C60799 /* Resources */ = {
			isa = PBXResourcesBuildPhase;
			buildActionMask = 2147483647;
			files = (
				0012470120EDE03E00C60799 /* LaunchScreen.storyboard in Resources */,
				001246FE20EDE03E00C60799 /* Assets.xcassets in Resources */,
				001246FC20EDE03C00C60799 /* Main.storyboard in Resources */,
			);
			runOnlyForDeploymentPostprocessing = 0;
		};
/* End PBXResourcesBuildPhase section */

/* Begin PBXSourcesBuildPhase section */
		001246EF20EDE03C00C60799 /* Sources */ = {
			isa = PBXSourcesBuildPhase;
			buildActionMask = 2147483647;
			files = (
				001246F920EDE03C00C60799 /* ViewController.swift in Sources */,
				001246F720EDE03C00C60799 /* AppDelegate.swift in Sources */,
			);
			runOnlyForDeploymentPostprocessing = 0;
		};
/* End PBXSourcesBuildPhase section */

/* Begin PBXVariantGroup section */
		001246FA20EDE03C00C60799 /* Main.storyboard */ = {
			isa = PBXVariantGroup;
			children = (
				001246FB20EDE03C00C60799 /* Base */,
			);
			name = Main.storyboard;
			sourceTree = "<group>";
		};
		001246FF20EDE03E00C60799 /* LaunchScreen.storyboard */ = {
			isa = PBXVariantGroup;
			children = (
				0012470020EDE03E00C60799 /* Base */,
			);
			name = LaunchScreen.storyboard;
			sourceTree = "<group>";
		};
/* End PBXVariantGroup section */

/* Begin XCBuildConfiguration section */
		0012470320EDE03E00C60799 /* Debug */ = {
			isa = XCBuildConfiguration;
			buildSettings = {
				ALWAYS_SEARCH_USER_PATHS = NO;
				CLANG_ANALYZER_NONNULL = YES;
				CLANG_ANALYZER_NUMBER_OBJECT_CONVERSION = YES_AGGRESSIVE;
				CLANG_CXX_LANGUAGE_STANDARD = "gnu++14";
				CLANG_CXX_LIBRARY = "libc++";
				CLANG_ENABLE_MODULES = YES;
				CLANG_ENABLE_OBJC_ARC = YES;
				CLANG_ENABLE_OBJC_WEAK = YES;
				CLANG_WARN_BLOCK_CAPTURE_AUTORELEASING = YES;
				CLANG_WARN_BOOL_CONVERSION = YES;
				CLANG_WARN_COMMA = YES;
				CLANG_WARN_CONSTANT_CONVERSION = YES;
				CLANG_WARN_DEPRECATED_OBJC_IMPLEMENTATIONS = YES;
				CLANG_WARN_DIRECT_OBJC_ISA_USAGE = YES_ERROR;
				CLANG_WARN_DOCUMENTATION_COMMENTS = YES;
				CLANG_WARN_EMPTY_BODY = YES;
				CLANG_WARN_ENUM_CONVERSION = YES;
				CLANG_WARN_INFINITE_RECURSION = YES;
				CLANG_WARN_INT_CONVERSION = YES;
				CLANG_WARN_NON_LITERAL_NULL_CONVERSION = YES;
				CLANG_WARN_OBJC_IMPLICIT_RETAIN_SELF = YES;
				CLANG_WARN_OBJC_LITERAL_CONVERSION = YES;
				CLANG_WARN_OBJC_ROOT_CLASS = YES_ERROR;
				CLANG_WARN_RANGE_LOOP_ANALYSIS = YES;
				CLANG_WARN_STRICT_PROTOTYPES = YES;
				CLANG_WARN_SUSPICIOUS_MOVE = YES;
				CLANG_WARN_UNGUARDED_AVAILABILITY = YES_AGGRESSIVE;
				CLANG_WARN_UNREACHABLE_CODE = YES;
				CLANG_WARN__DUPLICATE_METHOD_MATCH = YES;
				CODE_SIGN_IDENTITY = "iPhone Developer";
				COPY_PHASE_STRIP = NO;
				DEBUG_INFORMATION_FORMAT = dwarf;
				ENABLE_STRICT_OBJC_MSGSEND = YES;
				ENABLE_TESTABILITY = YES;
				GCC_C_LANGUAGE_STANDARD = gnu11;
				GCC_DYNAMIC_NO_PIC = NO;
				GCC_NO_COMMON_BLOCKS = YES;
				GCC_OPTIMIZATION_LEVEL = 0;
				GCC_PREPROCESSOR_DEFINITIONS = (
					"DEBUG=1",
					"$(inherited)",
				);
				GCC_WARN_64_TO_32_BIT_CONVERSION = YES;
				GCC_WARN_ABOUT_RETURN_TYPE = YES_ERROR;
				GCC_WARN_UNDECLARED_SELECTOR = YES;
				GCC_WARN_UNINITIALIZED_AUTOS = YES_AGGRESSIVE;
				GCC_WARN_UNUSED_FUNCTION = YES;
				GCC_WARN_UNUSED_VARIABLE = YES;
				IPHONEOS_DEPLOYMENT_TARGET = 11.4;
				MTL_ENABLE_DEBUG_INFO = YES;
				ONLY_ACTIVE_ARCH = YES;
				SDKROOT = iphoneos;
				SWIFT_ACTIVE_COMPILATION_CONDITIONS = DEBUG;
				SWIFT_OPTIMIZATION_LEVEL = "-Onone";
			};
			name = Debug;
		};
		0012470420EDE03E00C60799 /* Release */ = {
			isa = XCBuildConfiguration;
			buildSettings = {
				ALWAYS_SEARCH_USER_PATHS = NO;
				CLANG_ANALYZER_NONNULL = YES;
				CLANG_ANALYZER_NUMBER_OBJECT_CONVERSION = YES_AGGRESSIVE;
				CLANG_CXX_LANGUAGE_STANDARD = "gnu++14";
				CLANG_CXX_LIBRARY = "libc++";
				CLANG_ENABLE_MODULES = YES;
				CLANG_ENABLE_OBJC_ARC = YES;
				CLANG_ENABLE_OBJC_WEAK = YES;
				CLANG_WARN_BLOCK_CAPTURE_AUTORELEASING = YES;
				CLANG_WARN_BOOL_CONVERSION = YES;
				CLANG_WARN_COMMA = YES;
				CLANG_WARN_CONSTANT_CONVERSION = YES;
				CLANG_WARN_DEPRECATED_OBJC_IMPLEMENTATIONS = YES;
				CLANG_WARN_DIRECT_OBJC_ISA_USAGE = YES_ERROR;
				CLANG_WARN_DOCUMENTATION_COMMENTS = YES;
				CLANG_WARN_EMPTY_BODY = YES;
				CLANG_WARN_ENUM_CONVERSION = YES;
				CLANG_WARN_INFINITE_RECURSION = YES;
				CLANG_WARN_INT_CONVERSION = YES;
				CLANG_WARN_NON_LITERAL_NULL_CONVERSION = YES;
				CLANG_WARN_OBJC_IMPLICIT_RETAIN_SELF = YES;
				CLANG_WARN_OBJC_LITERAL_CONVERSION = YES;
				CLANG_WARN_OBJC_ROOT_CLASS = YES_ERROR;
				CLANG_WARN_RANGE_LOOP_ANALYSIS = YES;
				CLANG_WARN_STRICT_PROTOTYPES = YES;
				CLANG_WARN_SUSPICIOUS_MOVE = YES;
				CLANG_WARN_UNGUARDED_AVAILABILITY = YES_AGGRESSIVE;
				CLANG_WARN_UNREACHABLE_CODE = YES;
				CLANG_WARN__DUPLICATE_METHOD_MATCH = YES;
				CODE_SIGN_IDENTITY = "iPhone Developer";
				COPY_PHASE_STRIP = NO;
				DEBUG_INFORMATION_FORMAT = "dwarf-with-dsym";
				ENABLE_NS_ASSERTIONS = NO;
				ENABLE_STRICT_OBJC_MSGSEND = YES;
				GCC_C_LANGUAGE_STANDARD = gnu11;
				GCC_NO_COMMON_BLOCKS = YES;
				GCC_WARN_64_TO_32_BIT_CONVERSION = YES;
				GCC_WARN_ABOUT_RETURN_TYPE = YES_ERROR;
				GCC_WARN_UNDECLARED_SELECTOR = YES;
				GCC_WARN_UNINITIALIZED_AUTOS = YES_AGGRESSIVE;
				GCC_WARN_UNUSED_FUNCTION = YES;
				GCC_WARN_UNUSED_VARIABLE = YES;
				IPHONEOS_DEPLOYMENT_TARGET = 11.4;
				MTL_ENABLE_DEBUG_INFO = NO;
				SDKROOT = iphoneos;
				SWIFT_COMPILATION_MODE = wholemodule;
				SWIFT_OPTIMIZATION_LEVEL = "-O";
				VALIDATE_PRODUCT = YES;
			};
			name = Release;
		};
		0012470620EDE03E00C60799 /* Debug */ = {
			isa = XCBuildConfiguration;
			buildSettings = {
				ALWAYS_EMBED_SWIFT_STANDARD_LIBRARIES = YES;
				ASSETCATALOG_COMPILER_APPICON_NAME = AppIcon;
				CODE_SIGN_STYLE = Automatic;
				DEVELOPMENT_TEAM = L76363ZU66;
				FRAMEWORK_SEARCH_PATHS = (
					"$(inherited)",
					"$(PROJECT_DIR)/GhostTyping.framework",
				);
				INFOPLIST_FILE = GhostTypeExample/Info.plist;
				LD_RUNPATH_SEARCH_PATHS = (
					"$(inherited)",
					"@executable_path/Frameworks",
				);
				LIBRARY_SEARCH_PATHS = "";
				OTHER_LDFLAGS = "";
				PRODUCT_BUNDLE_IDENTIFIER = com.br.GhostTypeExample;
				PRODUCT_NAME = "$(TARGET_NAME)";
				SWIFT_VERSION = 4.0;
				TARGETED_DEVICE_FAMILY = "1,2";
			};
			name = Debug;
		};
		0012470720EDE03E00C60799 /* Release */ = {
			isa = XCBuildConfiguration;
			buildSettings = {
				ALWAYS_EMBED_SWIFT_STANDARD_LIBRARIES = YES;
				ASSETCATALOG_COMPILER_APPICON_NAME = AppIcon;
				CODE_SIGN_STYLE = Automatic;
				DEVELOPMENT_TEAM = L76363ZU66;
				FRAMEWORK_SEARCH_PATHS = (
					"$(inherited)",
					"$(PROJECT_DIR)/GhostTyping.framework",
				);
				INFOPLIST_FILE = GhostTypeExample/Info.plist;
				LD_RUNPATH_SEARCH_PATHS = (
					"$(inherited)",
					"@executable_path/Frameworks",
				);
				LIBRARY_SEARCH_PATHS = "";
				OTHER_LDFLAGS = "";
				PRODUCT_BUNDLE_IDENTIFIER = com.br.GhostTypeExample;
				PRODUCT_NAME = "$(TARGET_NAME)";
				SWIFT_VERSION = 4.0;
				TARGETED_DEVICE_FAMILY = "1,2";
			};
			name = Release;
		};
/* End XCBuildConfiguration section */

/* Begin XCConfigurationList section */
		001246EE20EDE03C00C60799 /* Build configuration list for PBXProject "GhostTypeExample" */ = {
			isa = XCConfigurationList;
			buildConfigurations = (
				0012470320EDE03E00C60799 /* Debug */,
				0012470420EDE03E00C60799 /* Release */,
			);
			defaultConfigurationIsVisible = 0;
			defaultConfigurationName = Release;
		};
		0012470520EDE03E00C60799 /* Build configuration list for PBXNativeTarget "GhostTypeExample" */ = {
			isa = XCConfigurationList;
			buildConfigurations = (
				0012470620EDE03E00C60799 /* Debug */,
				0012470720EDE03E00C60799 /* Release */,
			);
			defaultConfigurationIsVisible = 0;
			defaultConfigurationName = Release;
		};
/* End XCConfigurationList section */
	};
	rootObject = 001246EB20EDE03C00C60799 /* Project object */;
}
